
Microsoft Visual Studio Solution File, Format Version 12.00
# Visual Studio Version 17
VisualStudioVersion = 17.1.32407.343
MinimumVisualStudioVersion = 10.0.40219.1
Project("{FAE04EC0-301F-11D3-BF4B-00C04F79EFBC}") = "CS120FinalExam", "CS120FinalExam\CS120FinalExam.csproj", "{B65D2508-548A-42FB-9638-6CD1A251B6EC}"
EndProject
Global
	GlobalSection(SolutionConfigurationPlatforms) = preSolution
		Debug|Any CPU = Debug|Any CPU
		Release|Any CPU = Release|Any CPU
	EndGlobalSection
	GlobalSection(ProjectConfigurationPlatforms) = postSolution
		{B65D2508-548A-42FB-9638-6CD1A251B6EC}.Debug|Any CPU.ActiveCfg = Debug|Any CPU
		{B65D2508-548A-42FB-9638-6CD1A251B6EC}.Debug|Any CPU.Build.0 = Debug|Any CPU
		{B65D2508-548A-42FB-9638-6CD1A251B6EC}.Release|Any CPU.ActiveCfg = Release|Any CPU
		{B65D2508-548A-42FB-9638-6CD1A251B6EC}.Release|Any CPU.Build.0 = Release|Any CPU
	EndGlobalSection
	GlobalSection(SolutionProperties) = preSolution
		HideSolutionNode = FALSE
	EndGlobalSection
	GlobalSection(ExtensibilityGlobals) = postSolution
		SolutionGuid = {BB9A302F-4968-44CC-8987-79BF8C643596}
	EndGlobalSection
EndGlobal
