
Microsoft Visual Studio Solution File, Format Version 12.00
# Visual Studio Version 17
VisualStudioVersion = 17.1.32407.343
MinimumVisualStudioVersion = 10.0.40219.1
Project("{FAE04EC0-301F-11D3-BF4B-00C04F79EFBC}") = "IntroToIf", "IntroToIf\IntroToIf.csproj", "{285C726F-4EAE-457C-BBA9-70E844917C74}"
EndProject
Global
	GlobalSection(SolutionConfigurationPlatforms) = preSolution
		Debug|Any CPU = Debug|Any CPU
		Release|Any CPU = Release|Any CPU
	EndGlobalSection
	GlobalSection(ProjectConfigurationPlatforms) = postSolution
		{285C726F-4EAE-457C-BBA9-70E844917C74}.Debug|Any CPU.ActiveCfg = Debug|Any CPU
		{285C726F-4EAE-457C-BBA9-70E844917C74}.Debug|Any CPU.Build.0 = Debug|Any CPU
		{285C726F-4EAE-457C-BBA9-70E844917C74}.Release|Any CPU.ActiveCfg = Release|Any CPU
		{285C726F-4EAE-457C-BBA9-70E844917C74}.Release|Any CPU.Build.0 = Release|Any CPU
	EndGlobalSection
	GlobalSection(SolutionProperties) = preSolution
		HideSolutionNode = FALSE
	EndGlobalSection
	GlobalSection(ExtensibilityGlobals) = postSolution
		SolutionGuid = {EB7ABBA1-EA5A-4992-82B7-A597EF33B164}
	EndGlobalSection
EndGlobal
