
Microsoft Visual Studio Solution File, Format Version 12.00
# Visual Studio Version 17
VisualStudioVersion = 17.1.32407.343
MinimumVisualStudioVersion = 10.0.40219.1
Project("{FAE04EC0-301F-11D3-BF4B-00C04F79EFBC}") = "Lab9Arrays", "Lab9Arrays\Lab9Arrays.csproj", "{01C09D62-51B2-47D0-8BC7-8B283D724461}"
EndProject
Global
	GlobalSection(SolutionConfigurationPlatforms) = preSolution
		Debug|Any CPU = Debug|Any CPU
		Release|Any CPU = Release|Any CPU
	EndGlobalSection
	GlobalSection(ProjectConfigurationPlatforms) = postSolution
		{01C09D62-51B2-47D0-8BC7-8B283D724461}.Debug|Any CPU.ActiveCfg = Debug|Any CPU
		{01C09D62-51B2-47D0-8BC7-8B283D724461}.Debug|Any CPU.Build.0 = Debug|Any CPU
		{01C09D62-51B2-47D0-8BC7-8B283D724461}.Release|Any CPU.ActiveCfg = Release|Any CPU
		{01C09D62-51B2-47D0-8BC7-8B283D724461}.Release|Any CPU.Build.0 = Release|Any CPU
	EndGlobalSection
	GlobalSection(SolutionProperties) = preSolution
		HideSolutionNode = FALSE
	EndGlobalSection
	GlobalSection(ExtensibilityGlobals) = postSolution
		SolutionGuid = {54A08826-F78E-42C9-9EC8-A1411CFE6398}
	EndGlobalSection
EndGlobal
