
Microsoft Visual Studio Solution File, Format Version 12.00
# Visual Studio Version 17
VisualStudioVersion = 17.1.32407.343
MinimumVisualStudioVersion = 10.0.40219.1
Project("{FAE04EC0-301F-11D3-BF4B-00C04F79EFBC}") = "IntroTryParse", "IntroTryParse\IntroTryParse.csproj", "{A769C76E-7D55-46AC-9B64-6940CB915B3B}"
EndProject
Global
	GlobalSection(SolutionConfigurationPlatforms) = preSolution
		Debug|Any CPU = Debug|Any CPU
		Release|Any CPU = Release|Any CPU
	EndGlobalSection
	GlobalSection(ProjectConfigurationPlatforms) = postSolution
		{A769C76E-7D55-46AC-9B64-6940CB915B3B}.Debug|Any CPU.ActiveCfg = Debug|Any CPU
		{A769C76E-7D55-46AC-9B64-6940CB915B3B}.Debug|Any CPU.Build.0 = Debug|Any CPU
		{A769C76E-7D55-46AC-9B64-6940CB915B3B}.Release|Any CPU.ActiveCfg = Release|Any CPU
		{A769C76E-7D55-46AC-9B64-6940CB915B3B}.Release|Any CPU.Build.0 = Release|Any CPU
	EndGlobalSection
	GlobalSection(SolutionProperties) = preSolution
		HideSolutionNode = FALSE
	EndGlobalSection
	GlobalSection(ExtensibilityGlobals) = postSolution
		SolutionGuid = {72D2230E-02AD-45C6-A39F-889C07820F0B}
	EndGlobalSection
EndGlobal
