
Microsoft Visual Studio Solution File, Format Version 12.00
# Visual Studio Version 17
VisualStudioVersion = 17.1.32407.343
MinimumVisualStudioVersion = 10.0.40219.1
Project("{FAE04EC0-301F-11D3-BF4B-00C04F79EFBC}") = "IntroToWhileLoop", "IntroToWhileLoop\IntroToWhileLoop.csproj", "{7C69D8AB-BBF2-4199-83A0-0F447336B21E}"
EndProject
Global
	GlobalSection(SolutionConfigurationPlatforms) = preSolution
		Debug|Any CPU = Debug|Any CPU
		Release|Any CPU = Release|Any CPU
	EndGlobalSection
	GlobalSection(ProjectConfigurationPlatforms) = postSolution
		{7C69D8AB-BBF2-4199-83A0-0F447336B21E}.Debug|Any CPU.ActiveCfg = Debug|Any CPU
		{7C69D8AB-BBF2-4199-83A0-0F447336B21E}.Debug|Any CPU.Build.0 = Debug|Any CPU
		{7C69D8AB-BBF2-4199-83A0-0F447336B21E}.Release|Any CPU.ActiveCfg = Release|Any CPU
		{7C69D8AB-BBF2-4199-83A0-0F447336B21E}.Release|Any CPU.Build.0 = Release|Any CPU
	EndGlobalSection
	GlobalSection(SolutionProperties) = preSolution
		HideSolutionNode = FALSE
	EndGlobalSection
	GlobalSection(ExtensibilityGlobals) = postSolution
		SolutionGuid = {0096807A-0B7B-4088-A7DF-928F4DCF2F9A}
	EndGlobalSection
EndGlobal
