
Microsoft Visual Studio Solution File, Format Version 12.00
# Visual Studio Version 17
VisualStudioVersion = 17.1.32407.343
MinimumVisualStudioVersion = 10.0.40219.1
Project("{FAE04EC0-301F-11D3-BF4B-00C04F79EFBC}") = "DoWhile", "DoWhile\DoWhile.csproj", "{14107539-ACFA-47FD-B054-6622B67A1F58}"
EndProject
Global
	GlobalSection(SolutionConfigurationPlatforms) = preSolution
		Debug|Any CPU = Debug|Any CPU
		Release|Any CPU = Release|Any CPU
	EndGlobalSection
	GlobalSection(ProjectConfigurationPlatforms) = postSolution
		{14107539-ACFA-47FD-B054-6622B67A1F58}.Debug|Any CPU.ActiveCfg = Debug|Any CPU
		{14107539-ACFA-47FD-B054-6622B67A1F58}.Debug|Any CPU.Build.0 = Debug|Any CPU
		{14107539-ACFA-47FD-B054-6622B67A1F58}.Release|Any CPU.ActiveCfg = Release|Any CPU
		{14107539-ACFA-47FD-B054-6622B67A1F58}.Release|Any CPU.Build.0 = Release|Any CPU
	EndGlobalSection
	GlobalSection(SolutionProperties) = preSolution
		HideSolutionNode = FALSE
	EndGlobalSection
	GlobalSection(ExtensibilityGlobals) = postSolution
		SolutionGuid = {2AC395C1-3C24-4FA1-AD2C-2E061CC41BED}
	EndGlobalSection
EndGlobal
