
Microsoft Visual Studio Solution File, Format Version 12.00
# Visual Studio Version 17
VisualStudioVersion = 17.1.32407.343
MinimumVisualStudioVersion = 10.0.40219.1
Project("{FAE04EC0-301F-11D3-BF4B-00C04F79EFBC}") = "MathAndParsing", "MathAndParsing\MathAndParsing.csproj", "{EB62E1B7-0531-4966-9206-722746B936E5}"
EndProject
Global
	GlobalSection(SolutionConfigurationPlatforms) = preSolution
		Debug|Any CPU = Debug|Any CPU
		Release|Any CPU = Release|Any CPU
	EndGlobalSection
	GlobalSection(ProjectConfigurationPlatforms) = postSolution
		{EB62E1B7-0531-4966-9206-722746B936E5}.Debug|Any CPU.ActiveCfg = Debug|Any CPU
		{EB62E1B7-0531-4966-9206-722746B936E5}.Debug|Any CPU.Build.0 = Debug|Any CPU
		{EB62E1B7-0531-4966-9206-722746B936E5}.Release|Any CPU.ActiveCfg = Release|Any CPU
		{EB62E1B7-0531-4966-9206-722746B936E5}.Release|Any CPU.Build.0 = Release|Any CPU
	EndGlobalSection
	GlobalSection(SolutionProperties) = preSolution
		HideSolutionNode = FALSE
	EndGlobalSection
	GlobalSection(ExtensibilityGlobals) = postSolution
		SolutionGuid = {B722F9FF-5E45-4ECB-B62A-64D63B32E33E}
	EndGlobalSection
EndGlobal
