
Microsoft Visual Studio Solution File, Format Version 12.00
# Visual Studio Version 17
VisualStudioVersion = 17.1.32407.343
MinimumVisualStudioVersion = 10.0.40219.1
Project("{FAE04EC0-301F-11D3-BF4B-00C04F79EFBC}") = "RandomNumbers", "RandomNumbers\RandomNumbers.csproj", "{4D19D799-339D-4867-A231-4C393FACF7DA}"
EndProject
Global
	GlobalSection(SolutionConfigurationPlatforms) = preSolution
		Debug|Any CPU = Debug|Any CPU
		Release|Any CPU = Release|Any CPU
	EndGlobalSection
	GlobalSection(ProjectConfigurationPlatforms) = postSolution
		{4D19D799-339D-4867-A231-4C393FACF7DA}.Debug|Any CPU.ActiveCfg = Debug|Any CPU
		{4D19D799-339D-4867-A231-4C393FACF7DA}.Debug|Any CPU.Build.0 = Debug|Any CPU
		{4D19D799-339D-4867-A231-4C393FACF7DA}.Release|Any CPU.ActiveCfg = Release|Any CPU
		{4D19D799-339D-4867-A231-4C393FACF7DA}.Release|Any CPU.Build.0 = Release|Any CPU
	EndGlobalSection
	GlobalSection(SolutionProperties) = preSolution
		HideSolutionNode = FALSE
	EndGlobalSection
	GlobalSection(ExtensibilityGlobals) = postSolution
		SolutionGuid = {E742D792-02A3-4EF8-B3C3-B61C38641E61}
	EndGlobalSection
EndGlobal
